Microsoft Visual Studio Solution File, Format Version 12.00
# Visual Studio 15
VisualStudioVersion = 15.0.26228.4
MinimumVisualStudioVersion = 10.0.40219.1
Project("{9A19103F-16F7-4668-BE54-9A1E7A4F7556}") = "botbot", "botbot\botbot.csproj", "{4D1652BF-C945-4381-B102-22FEE91F2DE7}"
EndProject
Project("{9A19103F-16F7-4668-BE54-9A1E7A4F7556}") = "golf1052.Trexler", "..\Trexler\golf1052.Trexler\golf1052.Trexler.csproj", "{B6F215F8-C347-47C9-BBCC-B97FB161C1CE}"
EndProject
Project("{9A19103F-16F7-4668-BE54-9A1E7A4F7556}") = "golf1052.SlackAPI", "..\SlackAPI\golf1052.SlackAPI\golf1052.SlackAPI.csproj", "{6CFDDEBC-C3FC-441E-9FBA-7DAC93620437}"
EndProject
Global
	GlobalSection(SolutionConfigurationPlatforms) = preSolution
		Debug|Any CPU = Debug|Any CPU
		Release|Any CPU = Release|Any CPU
	EndGlobalSection
	GlobalSection(ProjectConfigurationPlatforms) = postSolution
		{4D1652BF-C945-4381-B102-22FEE91F2DE7}.Debug|Any CPU.ActiveCfg = Debug|Any CPU
		{4D1652BF-C945-4381-B102-22FEE91F2DE7}.Debug|Any CPU.Build.0 = Debug|Any CPU
		{4D1652BF-C945-4381-B102-22FEE91F2DE7}.Release|Any CPU.ActiveCfg = Release|Any CPU
		{4D1652BF-C945-4381-B102-22FEE91F2DE7}.Release|Any CPU.Build.0 = Release|Any CPU
		{B6F215F8-C347-47C9-BBCC-B97FB161C1CE}.Debug|Any CPU.ActiveCfg = Debug|Any CPU
		{B6F215F8-C347-47C9-BBCC-B97FB161C1CE}.Debug|Any CPU.Build.0 = Debug|Any CPU
		{B6F215F8-C347-47C9-BBCC-B97FB161C1CE}.Release|Any CPU.ActiveCfg = Release|Any CPU
		{B6F215F8-C347-47C9-BBCC-B97FB161C1CE}.Release|Any CPU.Build.0 = Release|Any CPU
		{6CFDDEBC-C3FC-441E-9FBA-7DAC93620437}.Debug|Any CPU.ActiveCfg = Debug|Any CPU
		{6CFDDEBC-C3FC-441E-9FBA-7DAC93620437}.Debug|Any CPU.Build.0 = Debug|Any CPU
		{6CFDDEBC-C3FC-441E-9FBA-7DAC93620437}.Release|Any CPU.ActiveCfg = Release|Any CPU
		{6CFDDEBC-C3FC-441E-9FBA-7DAC93620437}.Release|Any CPU.Build.0 = Release|Any CPU
	EndGlobalSection
	GlobalSection(SolutionProperties) = preSolution
		HideSolutionNode = FALSE
	EndGlobalSection
EndGlobal
